
Microsoft Visual Studio Solution File, Format Version 12.00
# Visual Studio 15
VisualStudioVersion = 15.0.28307.271
MinimumVisualStudioVersion = 10.0.40219.1
Project("{FAE04EC0-301F-11D3-BF4B-00C04F79EFBC}") = "CalculPartsHeritage", "CalculPartsHeritage\CalculPartsHeritage.csproj", "{F673FAFA-0178-48E2-8D88-2CEC7FB18081}"
EndProject
Global
	GlobalSection(SolutionConfigurationPlatforms) = preSolution
		Debug|Any CPU = Debug|Any CPU
		Release|Any CPU = Release|Any CPU
	EndGlobalSection
	GlobalSection(ProjectConfigurationPlatforms) = postSolution
		{F673FAFA-0178-48E2-8D88-2CEC7FB18081}.Debug|Any CPU.ActiveCfg = Debug|Any CPU
		{F673FAFA-0178-48E2-8D88-2CEC7FB18081}.Debug|Any CPU.Build.0 = Debug|Any CPU
		{F673FAFA-0178-48E2-8D88-2CEC7FB18081}.Release|Any CPU.ActiveCfg = Release|Any CPU
		{F673FAFA-0178-48E2-8D88-2CEC7FB18081}.Release|Any CPU.Build.0 = Release|Any CPU
	EndGlobalSection
	GlobalSection(SolutionProperties) = preSolution
		HideSolutionNode = FALSE
	EndGlobalSection
	GlobalSection(ExtensibilityGlobals) = postSolution
		SolutionGuid = {EFC26B4B-946C-4FCA-AD0A-7D66A75D5F9D}
	EndGlobalSection
EndGlobal
